
Microsoft Visual Studio Solution File, Format Version 12.00
Project("{FAE04EC0-301F-11D3-BF4B-00C04F79EFBC}") = "third", "third\third.csproj", "{F376F754-2BE9-434C-B6BE-6586EB3B234F}"
EndProject
Global
	GlobalSection(SolutionConfigurationPlatforms) = preSolution
		Debug|Any CPU = Debug|Any CPU
		Release|Any CPU = Release|Any CPU
	EndGlobalSection
	GlobalSection(ProjectConfigurationPlatforms) = postSolution
		{F376F754-2BE9-434C-B6BE-6586EB3B234F}.Debug|Any CPU.ActiveCfg = Debug|Any CPU
		{F376F754-2BE9-434C-B6BE-6586EB3B234F}.Debug|Any CPU.Build.0 = Debug|Any CPU
		{F376F754-2BE9-434C-B6BE-6586EB3B234F}.Release|Any CPU.ActiveCfg = Release|Any CPU
		{F376F754-2BE9-434C-B6BE-6586EB3B234F}.Release|Any CPU.Build.0 = Release|Any CPU
	EndGlobalSection
EndGlobal
